
Microsoft Visual Studio Solution File, Format Version 12.00
# Visual Studio Version 17
VisualStudioVersion = 17.7.34003.232
MinimumVisualStudioVersion = 10.0.40219.1
Project("{FAE04EC0-301F-11D3-BF4B-00C04F79EFBC}") = "HouseForSale", "HouseForSale\HouseForSale.csproj", "{7A7DC4F8-3E8C-412E-95C2-F740EEA6FEE5}"
EndProject
Global
	GlobalSection(SolutionConfigurationPlatforms) = preSolution
		Debug|Any CPU = Debug|Any CPU
		Release|Any CPU = Release|Any CPU
	EndGlobalSection
	GlobalSection(ProjectConfigurationPlatforms) = postSolution
		{7A7DC4F8-3E8C-412E-95C2-F740EEA6FEE5}.Debug|Any CPU.ActiveCfg = Debug|Any CPU
		{7A7DC4F8-3E8C-412E-95C2-F740EEA6FEE5}.Debug|Any CPU.Build.0 = Debug|Any CPU
		{7A7DC4F8-3E8C-412E-95C2-F740EEA6FEE5}.Release|Any CPU.ActiveCfg = Release|Any CPU
		{7A7DC4F8-3E8C-412E-95C2-F740EEA6FEE5}.Release|Any CPU.Build.0 = Release|Any CPU
	EndGlobalSection
	GlobalSection(SolutionProperties) = preSolution
		HideSolutionNode = FALSE
	EndGlobalSection
	GlobalSection(ExtensibilityGlobals) = postSolution
		SolutionGuid = {363BB3CB-844A-422C-B85C-D59F471BAF99}
	EndGlobalSection
EndGlobal
